
Microsoft Visual Studio Solution File, Format Version 12.00
# Visual Studio 2012
Project("{FAE04EC0-301F-11D3-BF4B-00C04F79EFBC}") = "DicomDice", "DicomDice\DicomDice.csproj", "{72F74B22-C305-4055-8CAA-17DED8C73FE8}"
EndProject
Global
	GlobalSection(SolutionConfigurationPlatforms) = preSolution
		Debug|Any CPU = Debug|Any CPU
		Release|Any CPU = Release|Any CPU
	EndGlobalSection
	GlobalSection(ProjectConfigurationPlatforms) = postSolution
		{72F74B22-C305-4055-8CAA-17DED8C73FE8}.Debug|Any CPU.ActiveCfg = Debug|Any CPU
		{72F74B22-C305-4055-8CAA-17DED8C73FE8}.Debug|Any CPU.Build.0 = Debug|Any CPU
		{72F74B22-C305-4055-8CAA-17DED8C73FE8}.Release|Any CPU.ActiveCfg = Release|Any CPU
		{72F74B22-C305-4055-8CAA-17DED8C73FE8}.Release|Any CPU.Build.0 = Release|Any CPU
	EndGlobalSection
	GlobalSection(SolutionProperties) = preSolution
		HideSolutionNode = FALSE
	EndGlobalSection
EndGlobal
